{
  "originHash" : "cf2fcb986974ceb61fe0d6ee5c602a63281d8605d08b5b721560b79a462e909e",
  "pins" : [
    {
      "identity" : "stripe-ios-spm",
      "kind" : "remoteSourceControl",
      "location" : "https://github.com/stripe/stripe-ios-spm",
      "state" : {
        "revision" : "aece889db38b420b623d2008063f12308478671b",
        "version" : "26.4.1"
      }
    }
  ],
  "version" : 3
}
