// !$*UTF8*$!
{
	archiveVersion = 1;
	classes = {
	};
	objectVersion = 77;
	objects = {

/* Begin PBXBuildFile section */
		1FF76E1C2FBE466900DCDFA7 /* MarmotKit in Frameworks */ = {isa = PBXBuildFile; productRef = 1FF76E1B2FBE466900DCDFA7 /* MarmotKit */; };
/* End PBXBuildFile section */

/* Begin PBXContainerItemProxy section */
		1FF76DFE2FBE3C9C00DCDFA7 /* PBXContainerItemProxy */ = {
			isa = PBXContainerItemProxy;
			containerPortal = 1FF76DE62FBE3C9A00DCDFA7 /* Project object */;
			proxyType = 1;
			remoteGlobalIDString = 1FF76DED2FBE3C9A00DCDFA7;
			remoteInfo = "darkmatter-ios";
		};
		1FF76E082FBE3C9C00DCDFA7 /* PBXContainerItemProxy */ = {
			isa = PBXContainerItemProxy;
			containerPortal = 1FF76DE62FBE3C9A00DCDFA7 /* Project object */;
			proxyType = 1;
			remoteGlobalIDString = 1FF76DED2FBE3C9A00DCDFA7;
			remoteInfo = "darkmatter-ios";
		};
/* End PBXContainerItemProxy section */

/* Begin PBXFileReference section */
		1FF76DEE2FBE3C9A00DCDFA7 /* darkmatter-ios.app */ = {isa = PBXFileReference; explicitFileType = wrapper.application; includeInIndex = 0; path = "darkmatter-ios.app"; sourceTree = BUILT_PRODUCTS_DIR; };
		1FF76DFD2FBE3C9C00DCDFA7 /* darkmatter-iosTests.xctest */ = {isa = PBXFileReference; explicitFileType = wrapper.cfbundle; includeInIndex = 0; path = "darkmatter-iosTests.xctest"; sourceTree = BUILT_PRODUCTS_DIR; };
		1FF76E072FBE3C9C00DCDFA7 /* darkmatter-iosUITests.xctest */ = {isa = PBXFileReference; explicitFileType = wrapper.cfbundle; includeInIndex = 0; path = "darkmatter-iosUITests.xctest"; sourceTree = BUILT_PRODUCTS_DIR; };
/* End PBXFileReference section */

/* Begin PBXFileSystemSynchronizedRootGroup section */
		1FF76DF02FBE3C9A00DCDFA7 /* darkmatter-ios */ = {
			isa = PBXFileSystemSynchronizedRootGroup;
			path = "darkmatter-ios";
			sourceTree = "<group>";
		};
		1FF76E002FBE3C9C00DCDFA7 /* darkmatter-iosTests */ = {
			isa = PBXFileSystemSynchronizedRootGroup;
			path = "darkmatter-iosTests";
			sourceTree = "<group>";
		};
		1FF76E0A2FBE3C9C00DCDFA7 /* darkmatter-iosUITests */ = {
			isa = PBXFileSystemSynchronizedRootGroup;
			path = "darkmatter-iosUITests";
			sourceTree = "<group>";
		};
/* End PBXFileSystemSynchronizedRootGroup section */

/* Begin PBXFrameworksBuildPhase section */
		1FF76DEB2FBE3C9A00DCDFA7 /* Frameworks */ = {
			isa = PBXFrameworksBuildPhase;
			buildActionMask = 2147483647;
			files = (
				1FF76E1C2FBE466900DCDFA7 /* MarmotKit in Frameworks */,
			);
			runOnlyForDeploymentPostprocessing = 0;
		};
		1FF76DFA2FBE3C9C00DCDFA7 /* Frameworks */ = {
			isa = PBXFrameworksBuildPhase;
			buildActionMask = 2147483647;
			files = (
			);
			runOnlyForDeploymentPostprocessing = 0;
		};
		1FF76E042FBE3C9C00DCDFA7 /* Frameworks */ = {
			isa = PBXFrameworksBuildPhase;
			buildActionMask = 2147483647;
			files = (
			);
			runOnlyForDeploymentPostprocessing = 0;
		};
/* End PBXFrameworksBuildPhase section */

/* Begin PBXGroup section */
		1FF76DE52FBE3C9A00DCDFA7 = {
			isa = PBXGroup;
			children = (
				1FF76DF02FBE3C9A00DCDFA7 /* darkmatter-ios */,
				1FF76E002FBE3C9C00DCDFA7 /* darkmatter-iosTests */,
				1FF76E0A2FBE3C9C00DCDFA7 /* darkmatter-iosUITests */,
				1FF76DEF2FBE3C9A00DCDFA7 /* Products */,
			);
			sourceTree = "<group>";
		};
		1FF76DEF2FBE3C9A00DCDFA7 /* Products */ = {
			isa = PBXGroup;
			children = (
				1FF76DEE2FBE3C9A00DCDFA7 /* darkmatter-ios.app */,
				1FF76DFD2FBE3C9C00DCDFA7 /* darkmatter-iosTests.xctest */,
				1FF76E072FBE3C9C00DCDFA7 /* darkmatter-iosUITests.xctest */,
			);
			name = Products;
			sourceTree = "<group>";
		};
/* End PBXGroup section */

/* Begin PBXNativeTarget section */
		1FF76DED2FBE3C9A00DCDFA7 /* darkmatter-ios */ = {
			isa = PBXNativeTarget;
			buildConfigurationList = 1FF76E112FBE3C9C00DCDFA7 /* Build configuration list for PBXNativeTarget "darkmatter-ios" */;
			buildPhases = (
				1FF76DEA2FBE3C9A00DCDFA7 /* Sources */,
				1FF76DEB2FBE3C9A00DCDFA7 /* Frameworks */,
				1FF76DEC2FBE3C9A00DCDFA7 /* Resources */,
			);
			buildRules = (
			);
			dependencies = (
			);
			fileSystemSynchronizedGroups = (
				1FF76DF02FBE3C9A00DCDFA7 /* darkmatter-ios */,
			);
			name = "darkmatter-ios";
			packageProductDependencies = (
				1FF76E1B2FBE466900DCDFA7 /* MarmotKit */,
			);
			productName = "darkmatter-ios";
			productReference = 1FF76DEE2FBE3C9A00DCDFA7 /* darkmatter-ios.app */;
			productType = "com.apple.product-type.application";
		};
		1FF76DFC2FBE3C9C00DCDFA7 /* darkmatter-iosTests */ = {
			isa = PBXNativeTarget;
			buildConfigurationList = 1FF76E142FBE3C9C00DCDFA7 /* Build configuration list for PBXNativeTarget "darkmatter-iosTests" */;
			buildPhases = (
				1FF76DF92FBE3C9C00DCDFA7 /* Sources */,
				1FF76DFA2FBE3C9C00DCDFA7 /* Frameworks */,
				1FF76DFB2FBE3C9C00DCDFA7 /* Resources */,
			);
			buildRules = (
			);
			dependencies = (
				1FF76DFF2FBE3C9C00DCDFA7 /* PBXTargetDependency */,
			);
			fileSystemSynchronizedGroups = (
				1FF76E002FBE3C9C00DCDFA7 /* darkmatter-iosTests */,
			);
			name = "darkmatter-iosTests";
			packageProductDependencies = (
			);
			productName = "darkmatter-iosTests";
			productReference = 1FF76DFD2FBE3C9C00DCDFA7 /* darkmatter-iosTests.xctest */;
			productType = "com.apple.product-type.bundle.unit-test";
		};
		1FF76E062FBE3C9C00DCDFA7 /* darkmatter-iosUITests */ = {
			isa = PBXNativeTarget;
			buildConfigurationList = 1FF76E172FBE3C9C00DCDFA7 /* Build configuration list for PBXNativeTarget "darkmatter-iosUITests" */;
			buildPhases = (
				1FF76E032FBE3C9C00DCDFA7 /* Sources */,
				1FF76E042FBE3C9C00DCDFA7 /* Frameworks */,
				1FF76E052FBE3C9C00DCDFA7 /* Resources */,
			);
			buildRules = (
			);
			dependencies = (
				1FF76E092FBE3C9C00DCDFA7 /* PBXTargetDependency */,
			);
			fileSystemSynchronizedGroups = (
				1FF76E0A2FBE3C9C00DCDFA7 /* darkmatter-iosUITests */,
			);
			name = "darkmatter-iosUITests";
			packageProductDependencies = (
			);
			productName = "darkmatter-iosUITests";
			productReference = 1FF76E072FBE3C9C00DCDFA7 /* darkmatter-iosUITests.xctest */;
			productType = "com.apple.product-type.bundle.ui-testing";
		};
/* End PBXNativeTarget section */

/* Begin PBXProject section */
		1FF76DE62FBE3C9A00DCDFA7 /* Project object */ = {
			isa = PBXProject;
			attributes = {
				BuildIndependentTargetsInParallel = 1;
				LastSwiftUpdateCheck = 2650;
				LastUpgradeCheck = 2650;
				TargetAttributes = {
					1FF76DED2FBE3C9A00DCDFA7 = {
						CreatedOnToolsVersion = 26.5;
					};
					1FF76DFC2FBE3C9C00DCDFA7 = {
						CreatedOnToolsVersion = 26.5;
						TestTargetID = 1FF76DED2FBE3C9A00DCDFA7;
					};
					1FF76E062FBE3C9C00DCDFA7 = {
						CreatedOnToolsVersion = 26.5;
						TestTargetID = 1FF76DED2FBE3C9A00DCDFA7;
					};
				};
			};
			buildConfigurationList = 1FF76DE92FBE3C9A00DCDFA7 /* Build configuration list for PBXProject "darkmatter-ios" */;
			developmentRegion = en;
			hasScannedForEncodings = 0;
			knownRegions = (
				en,
				Base,
			);
			mainGroup = 1FF76DE52FBE3C9A00DCDFA7;
			minimizedProjectReferenceProxies = 1;
			packageReferences = (
				1FF76E1A2FBE466900DCDFA7 /* XCLocalSwiftPackageReference "Vendored/MarmotKit" */,
			);
			preferredProjectObjectVersion = 77;
			productRefGroup = 1FF76DEF2FBE3C9A00DCDFA7 /* Products */;
			projectDirPath = "";
			projectRoot = "";
			targets = (
				1FF76DED2FBE3C9A00DCDFA7 /* darkmatter-ios */,
				1FF76DFC2FBE3C9C00DCDFA7 /* darkmatter-iosTests */,
				1FF76E062FBE3C9C00DCDFA7 /* darkmatter-iosUITests */,
			);
		};
/* End PBXProject section */

/* Begin PBXResourcesBuildPhase section */
		1FF76DEC2FBE3C9A00DCDFA7 /* Resources */ = {
			isa = PBXResourcesBuildPhase;
			buildActionMask = 2147483647;
			files = (
			);
			runOnlyForDeploymentPostprocessing = 0;
		};
		1FF76DFB2FBE3C9C00DCDFA7 /* Resources */ = {
			isa = PBXResourcesBuildPhase;
			buildActionMask = 2147483647;
			files = (
			);
			runOnlyForDeploymentPostprocessing = 0;
		};
		1FF76E052FBE3C9C00DCDFA7 /* Resources */ = {
			isa = PBXResourcesBuildPhase;
			buildActionMask = 2147483647;
			files = (
			);
			runOnlyForDeploymentPostprocessing = 0;
		};
/* End PBXResourcesBuildPhase section */

/* Begin PBXSourcesBuildPhase section */
		1FF76DEA2FBE3C9A00DCDFA7 /* Sources */ = {
			isa = PBXSourcesBuildPhase;
			buildActionMask = 2147483647;
			files = (
			);
			runOnlyForDeploymentPostprocessing = 0;
		};
		1FF76DF92FBE3C9C00DCDFA7 /* Sources */ = {
			isa = PBXSourcesBuildPhase;
			buildActionMask = 2147483647;
			files = (
			);
			runOnlyForDeploymentPostprocessing = 0;
		};
		1FF76E032FBE3C9C00DCDFA7 /* Sources */ = {
			isa = PBXSourcesBuildPhase;
			buildActionMask = 2147483647;
			files = (
			);
			runOnlyForDeploymentPostprocessing = 0;
		};
/* End PBXSourcesBuildPhase section */

/* Begin PBXTargetDependency section */
		1FF76DFF2FBE3C9C00DCDFA7 /* PBXTargetDependency */ = {
			isa = PBXTargetDependency;
			target = 1FF76DED2FBE3C9A00DCDFA7 /* darkmatter-ios */;
			targetProxy = 1FF76DFE2FBE3C9C00DCDFA7 /* PBXContainerItemProxy */;
		};
		1FF76E092FBE3C9C00DCDFA7 /* PBXTargetDependency */ = {
			isa = PBXTargetDependency;
			target = 1FF76DED2FBE3C9A00DCDFA7 /* darkmatter-ios */;
			targetProxy = 1FF76E082FBE3C9C00DCDFA7 /* PBXContainerItemProxy */;
		};
/* End PBXTargetDependency section */

/* Begin XCBuildConfiguration section */
		1FF76E0F2FBE3C9C00DCDFA7 /* Debug */ = {
			isa = XCBuildConfiguration;
			buildSettings = {
				ALWAYS_SEARCH_USER_PATHS = NO;
				ASSETCATALOG_COMPILER_GENERATE_SWIFT_ASSET_SYMBOL_EXTENSIONS = YES;
				CLANG_ANALYZER_NONNULL = YES;
				CLANG_ANALYZER_NUMBER_OBJECT_CONVERSION = YES_AGGRESSIVE;
				CLANG_CXX_LANGUAGE_STANDARD = "gnu++20";
				CLANG_ENABLE_MODULES = YES;
				CLANG_ENABLE_OBJC_ARC = YES;
				CLANG_ENABLE_OBJC_WEAK = YES;
				CLANG_WARN_BLOCK_CAPTURE_AUTORELEASING = YES;
				CLANG_WARN_BOOL_CONVERSION = YES;
				CLANG_WARN_COMMA = YES;
				CLANG_WARN_CONSTANT_CONVERSION = YES;
				CLANG_WARN_DEPRECATED_OBJC_IMPLEMENTATIONS = YES;
				CLANG_WARN_DIRECT_OBJC_ISA_USAGE = YES_ERROR;
				CLANG_WARN_DOCUMENTATION_COMMENTS = YES;
				CLANG_WARN_EMPTY_BODY = YES;
				CLANG_WARN_ENUM_CONVERSION = YES;
				CLANG_WARN_INFINITE_RECURSION = YES;
				CLANG_WARN_INT_CONVERSION = YES;
				CLANG_WARN_NON_LITERAL_NULL_CONVERSION = YES;
				CLANG_WARN_OBJC_IMPLICIT_RETAIN_SELF = YES;
				CLANG_WARN_OBJC_LITERAL_CONVERSION = YES;
				CLANG_WARN_OBJC_ROOT_CLASS = YES_ERROR;
				CLANG_WARN_QUOTED_INCLUDE_IN_FRAMEWORK_HEADER = YES;
				CLANG_WARN_RANGE_LOOP_ANALYSIS = YES;
				CLANG_WARN_STRICT_PROTOTYPES = YES;
				CLANG_WARN_SUSPICIOUS_MOVE = YES;
				CLANG_WARN_UNGUARDED_AVAILABILITY = YES_AGGRESSIVE;
				CLANG_WARN_UNREACHABLE_CODE = YES;
				CLANG_WARN__DUPLICATE_METHOD_MATCH = YES;
				COPY_PHASE_STRIP = NO;
				DEBUG_INFORMATION_FORMAT = dwarf;
				DEVELOPMENT_TEAM = V8U75D7Q49;
				ENABLE_STRICT_OBJC_MSGSEND = YES;
				ENABLE_TESTABILITY = YES;
				ENABLE_USER_SCRIPT_SANDBOXING = YES;
				GCC_C_LANGUAGE_STANDARD = gnu17;
				GCC_DYNAMIC_NO_PIC = NO;
				GCC_NO_COMMON_BLOCKS = YES;
				GCC_OPTIMIZATION_LEVEL = 0;
				GCC_PREPROCESSOR_DEFINITIONS = (
					"DEBUG=1",
					"$(inherited)",
				);
				GCC_WARN_64_TO_32_BIT_CONVERSION = YES;
				GCC_WARN_ABOUT_RETURN_TYPE = YES_ERROR;
				GCC_WARN_UNDECLARED_SELECTOR = YES;
				GCC_WARN_UNINITIALIZED_AUTOS = YES_AGGRESSIVE;
				GCC_WARN_UNUSED_FUNCTION = YES;
				GCC_WARN_UNUSED_VARIABLE = YES;
				LOCALIZATION_PREFERS_STRING_CATALOGS = YES;
				MTL_ENABLE_DEBUG_INFO = INCLUDE_SOURCE;
				MTL_FAST_MATH = YES;
				ONLY_ACTIVE_ARCH = YES;
				SWIFT_ACTIVE_COMPILATION_CONDITIONS = "DEBUG $(inherited)";
				SWIFT_OPTIMIZATION_LEVEL = "-Onone";
			};
			name = Debug;
		};
		1FF76E102FBE3C9C00DCDFA7 /* Release */ = {
			isa = XCBuildConfiguration;
			buildSettings = {
				ALWAYS_SEARCH_USER_PATHS = NO;
				ASSETCATALOG_COMPILER_GENERATE_SWIFT_ASSET_SYMBOL_EXTENSIONS = YES;
				CLANG_ANALYZER_NONNULL = YES;
				CLANG_ANALYZER_NUMBER_OBJECT_CONVERSION = YES_AGGRESSIVE;
				CLANG_CXX_LANGUAGE_STANDARD = "gnu++20";
				CLANG_ENABLE_MODULES = YES;
				CLANG_ENABLE_OBJC_ARC = YES;
				CLANG_ENABLE_OBJC_WEAK = YES;
				CLANG_WARN_BLOCK_CAPTURE_AUTORELEASING = YES;
				CLANG_WARN_BOOL_CONVERSION = YES;
				CLANG_WARN_COMMA = YES;
				CLANG_WARN_CONSTANT_CONVERSION = YES;
				CLANG_WARN_DEPRECATED_OBJC_IMPLEMENTATIONS = YES;
				CLANG_WARN_DIRECT_OBJC_ISA_USAGE = YES_ERROR;
				CLANG_WARN_DOCUMENTATION_COMMENTS = YES;
				CLANG_WARN_EMPTY_BODY = YES;
				CLANG_WARN_ENUM_CONVERSION = YES;
				CLANG_WARN_INFINITE_RECURSION = YES;
				CLANG_WARN_INT_CONVERSION = YES;
				CLANG_WARN_NON_LITERAL_NULL_CONVERSION = YES;
				CLANG_WARN_OBJC_IMPLICIT_RETAIN_SELF = YES;
				CLANG_WARN_OBJC_LITERAL_CONVERSION = YES;
				CLANG_WARN_OBJC_ROOT_CLASS = YES_ERROR;
				CLANG_WARN_QUOTED_INCLUDE_IN_FRAMEWORK_HEADER = YES;
				CLANG_WARN_RANGE_LOOP_ANALYSIS = YES;
				CLANG_WARN_STRICT_PROTOTYPES = YES;
				CLANG_WARN_SUSPICIOUS_MOVE = YES;
				CLANG_WARN_UNGUARDED_AVAILABILITY = YES_AGGRESSIVE;
				CLANG_WARN_UNREACHABLE_CODE = YES;
				CLANG_WARN__DUPLICATE_METHOD_MATCH = YES;
				COPY_PHASE_STRIP = NO;
				DEBUG_INFORMATION_FORMAT = "dwarf-with-dsym";
				DEVELOPMENT_TEAM = V8U75D7Q49;
				ENABLE_NS_ASSERTIONS = NO;
				ENABLE_STRICT_OBJC_MSGSEND = YES;
				ENABLE_USER_SCRIPT_SANDBOXING = YES;
				GCC_C_LANGUAGE_STANDARD = gnu17;
				GCC_NO_COMMON_BLOCKS = YES;
				GCC_WARN_64_TO_32_BIT_CONVERSION = YES;
				GCC_WARN_ABOUT_RETURN_TYPE = YES_ERROR;
				GCC_WARN_UNDECLARED_SELECTOR = YES;
				GCC_WARN_UNINITIALIZED_AUTOS = YES_AGGRESSIVE;
				GCC_WARN_UNUSED_FUNCTION = YES;
				GCC_WARN_UNUSED_VARIABLE = YES;
				LOCALIZATION_PREFERS_STRING_CATALOGS = YES;
				MTL_ENABLE_DEBUG_INFO = NO;
				MTL_FAST_MATH = YES;
				SWIFT_COMPILATION_MODE = wholemodule;
			};
			name = Release;
		};
		1FF76E122FBE3C9C00DCDFA7 /* Debug */ = {
			isa = XCBuildConfiguration;
			buildSettings = {
				ASSETCATALOG_COMPILER_APPICON_NAME = AppIcon;
				ASSETCATALOG_COMPILER_GLOBAL_ACCENT_COLOR_NAME = AccentColor;
				CODE_SIGN_STYLE = Automatic;
				CURRENT_PROJECT_VERSION = 1;
				DEVELOPMENT_TEAM = V8U75D7Q49;
				ENABLE_APP_SANDBOX = YES;
				ENABLE_HARDENED_RUNTIME = YES;
				ENABLE_PREVIEWS = YES;
				ENABLE_USER_SELECTED_FILES = readonly;
				GENERATE_INFOPLIST_FILE = YES;
				INFOPLIST_KEY_CFBundleDisplayName = "Dark Matter";
				"INFOPLIST_KEY_UIApplicationSceneManifest_Generation[sdk=iphoneos*]" = YES;
				"INFOPLIST_KEY_UIApplicationSceneManifest_Generation[sdk=iphonesimulator*]" = YES;
				"INFOPLIST_KEY_UIApplicationSupportsIndirectInputEvents[sdk=iphoneos*]" = YES;
				"INFOPLIST_KEY_UIApplicationSupportsIndirectInputEvents[sdk=iphonesimulator*]" = YES;
				"INFOPLIST_KEY_UILaunchScreen_Generation[sdk=iphoneos*]" = YES;
				"INFOPLIST_KEY_UILaunchScreen_Generation[sdk=iphonesimulator*]" = YES;
				"INFOPLIST_KEY_UIStatusBarStyle[sdk=iphoneos*]" = UIStatusBarStyleDefault;
				"INFOPLIST_KEY_UIStatusBarStyle[sdk=iphonesimulator*]" = UIStatusBarStyleDefault;
				INFOPLIST_KEY_UISupportedInterfaceOrientations_iPad = "UIInterfaceOrientationPortrait UIInterfaceOrientationPortraitUpsideDown UIInterfaceOrientationLandscapeLeft UIInterfaceOrientationLandscapeRight";
				INFOPLIST_KEY_UISupportedInterfaceOrientations_iPhone = "UIInterfaceOrientationPortrait UIInterfaceOrientationLandscapeLeft UIInterfaceOrientationLandscapeRight";
				IPHONEOS_DEPLOYMENT_TARGET = 26.5;
				LD_RUNPATH_SEARCH_PATHS = "@executable_path/Frameworks";
				"LD_RUNPATH_SEARCH_PATHS[sdk=macosx*]" = "@executable_path/../Frameworks";
				MACOSX_DEPLOYMENT_TARGET = 26.3;
				MARKETING_VERSION = 1.0;
				PRODUCT_BUNDLE_IDENTIFIER = dev.ipf.darkmatter;
				PRODUCT_NAME = "$(TARGET_NAME)";
				REGISTER_APP_GROUPS = YES;
				SDKROOT = auto;
				STRING_CATALOG_GENERATE_SYMBOLS = YES;
				SUPPORTED_PLATFORMS = "iphoneos iphonesimulator";
				SUPPORTS_MACCATALYST = NO;
				SWIFT_APPROACHABLE_CONCURRENCY = YES;
				SWIFT_DEFAULT_ACTOR_ISOLATION = MainActor;
				SWIFT_EMIT_LOC_STRINGS = YES;
				SWIFT_UPCOMING_FEATURE_MEMBER_IMPORT_VISIBILITY = YES;
				SWIFT_VERSION = 5.0;
				TARGETED_DEVICE_FAMILY = "1,2";
				XROS_DEPLOYMENT_TARGET = 26.5;
			};
			name = Debug;
		};
		1FF76E132FBE3C9C00DCDFA7 /* Release */ = {
			isa = XCBuildConfiguration;
			buildSettings = {
				ASSETCATALOG_COMPILER_APPICON_NAME = AppIcon;
				ASSETCATALOG_COMPILER_GLOBAL_ACCENT_COLOR_NAME = AccentColor;
				CODE_SIGN_STYLE = Automatic;
				CURRENT_PROJECT_VERSION = 1;
				DEVELOPMENT_TEAM = V8U75D7Q49;
				ENABLE_APP_SANDBOX = YES;
				ENABLE_HARDENED_RUNTIME = YES;
				ENABLE_PREVIEWS = YES;
				ENABLE_USER_SELECTED_FILES = readonly;
				GENERATE_INFOPLIST_FILE = YES;
				INFOPLIST_KEY_CFBundleDisplayName = "Dark Matter";
				"INFOPLIST_KEY_UIApplicationSceneManifest_Generation[sdk=iphoneos*]" = YES;
				"INFOPLIST_KEY_UIApplicationSceneManifest_Generation[sdk=iphonesimulator*]" = YES;
				"INFOPLIST_KEY_UIApplicationSupportsIndirectInputEvents[sdk=iphoneos*]" = YES;
				"INFOPLIST_KEY_UIApplicationSupportsIndirectInputEvents[sdk=iphonesimulator*]" = YES;
				"INFOPLIST_KEY_UILaunchScreen_Generation[sdk=iphoneos*]" = YES;
				"INFOPLIST_KEY_UILaunchScreen_Generation[sdk=iphonesimulator*]" = YES;
				"INFOPLIST_KEY_UIStatusBarStyle[sdk=iphoneos*]" = UIStatusBarStyleDefault;
				"INFOPLIST_KEY_UIStatusBarStyle[sdk=iphonesimulator*]" = UIStatusBarStyleDefault;
				INFOPLIST_KEY_UISupportedInterfaceOrientations_iPad = "UIInterfaceOrientationPortrait UIInterfaceOrientationPortraitUpsideDown UIInterfaceOrientationLandscapeLeft UIInterfaceOrientationLandscapeRight";
				INFOPLIST_KEY_UISupportedInterfaceOrientations_iPhone = "UIInterfaceOrientationPortrait UIInterfaceOrientationLandscapeLeft UIInterfaceOrientationLandscapeRight";
				IPHONEOS_DEPLOYMENT_TARGET = 26.5;
				LD_RUNPATH_SEARCH_PATHS = "@executable_path/Frameworks";
				"LD_RUNPATH_SEARCH_PATHS[sdk=macosx*]" = "@executable_path/../Frameworks";
				MACOSX_DEPLOYMENT_TARGET = 26.3;
				MARKETING_VERSION = 1.0;
				PRODUCT_BUNDLE_IDENTIFIER = dev.ipf.darkmatter;
				PRODUCT_NAME = "$(TARGET_NAME)";
				REGISTER_APP_GROUPS = YES;
				SDKROOT = auto;
				STRING_CATALOG_GENERATE_SYMBOLS = YES;
				SUPPORTED_PLATFORMS = "iphoneos iphonesimulator";
				SUPPORTS_MACCATALYST = NO;
				SWIFT_APPROACHABLE_CONCURRENCY = YES;
				SWIFT_DEFAULT_ACTOR_ISOLATION = MainActor;
				SWIFT_EMIT_LOC_STRINGS = YES;
				SWIFT_UPCOMING_FEATURE_MEMBER_IMPORT_VISIBILITY = YES;
				SWIFT_VERSION = 5.0;
				TARGETED_DEVICE_FAMILY = "1,2";
				XROS_DEPLOYMENT_TARGET = 26.5;
			};
			name = Release;
		};
		1FF76E152FBE3C9C00DCDFA7 /* Debug */ = {
			isa = XCBuildConfiguration;
			buildSettings = {
				BUNDLE_LOADER = "$(TEST_HOST)";
				CODE_SIGN_STYLE = Automatic;
				CURRENT_PROJECT_VERSION = 1;
				DEVELOPMENT_TEAM = V8U75D7Q49;
				GENERATE_INFOPLIST_FILE = YES;
				IPHONEOS_DEPLOYMENT_TARGET = 26.5;
				MACOSX_DEPLOYMENT_TARGET = 26.3;
				MARKETING_VERSION = 1.0;
				PRODUCT_BUNDLE_IDENTIFIER = "ipf.darkmatter-iosTests";
				PRODUCT_NAME = "$(TARGET_NAME)";
				SDKROOT = auto;
				STRING_CATALOG_GENERATE_SYMBOLS = NO;
				SUPPORTED_PLATFORMS = "iphoneos iphonesimulator macosx xros xrsimulator";
				SWIFT_APPROACHABLE_CONCURRENCY = YES;
				SWIFT_EMIT_LOC_STRINGS = NO;
				SWIFT_UPCOMING_FEATURE_MEMBER_IMPORT_VISIBILITY = YES;
				SWIFT_VERSION = 5.0;
				TARGETED_DEVICE_FAMILY = "1,2,7";
				TEST_HOST = "$(BUILT_PRODUCTS_DIR)/darkmatter-ios.app/$(BUNDLE_EXECUTABLE_FOLDER_PATH)/darkmatter-ios";
				XROS_DEPLOYMENT_TARGET = 26.5;
			};
			name = Debug;
		};
		1FF76E162FBE3C9C00DCDFA7 /* Release */ = {
			isa = XCBuildConfiguration;
			buildSettings = {
				BUNDLE_LOADER = "$(TEST_HOST)";
				CODE_SIGN_STYLE = Automatic;
				CURRENT_PROJECT_VERSION = 1;
				DEVELOPMENT_TEAM = V8U75D7Q49;
				GENERATE_INFOPLIST_FILE = YES;
				IPHONEOS_DEPLOYMENT_TARGET = 26.5;
				MACOSX_DEPLOYMENT_TARGET = 26.3;
				MARKETING_VERSION = 1.0;
				PRODUCT_BUNDLE_IDENTIFIER = "ipf.darkmatter-iosTests";
				PRODUCT_NAME = "$(TARGET_NAME)";
				SDKROOT = auto;
				STRING_CATALOG_GENERATE_SYMBOLS = NO;
				SUPPORTED_PLATFORMS = "iphoneos iphonesimulator macosx xros xrsimulator";
				SWIFT_APPROACHABLE_CONCURRENCY = YES;
				SWIFT_EMIT_LOC_STRINGS = NO;
				SWIFT_UPCOMING_FEATURE_MEMBER_IMPORT_VISIBILITY = YES;
				SWIFT_VERSION = 5.0;
				TARGETED_DEVICE_FAMILY = "1,2,7";
				TEST_HOST = "$(BUILT_PRODUCTS_DIR)/darkmatter-ios.app/$(BUNDLE_EXECUTABLE_FOLDER_PATH)/darkmatter-ios";
				XROS_DEPLOYMENT_TARGET = 26.5;
			};
			name = Release;
		};
		1FF76E182FBE3C9C00DCDFA7 /* Debug */ = {
			isa = XCBuildConfiguration;
			buildSettings = {
				CODE_SIGN_STYLE = Automatic;
				CURRENT_PROJECT_VERSION = 1;
				DEVELOPMENT_TEAM = V8U75D7Q49;
				GENERATE_INFOPLIST_FILE = YES;
				IPHONEOS_DEPLOYMENT_TARGET = 26.5;
				MACOSX_DEPLOYMENT_TARGET = 26.3;
				MARKETING_VERSION = 1.0;
				PRODUCT_BUNDLE_IDENTIFIER = "ipf.darkmatter-iosUITests";
				PRODUCT_NAME = "$(TARGET_NAME)";
				SDKROOT = auto;
				STRING_CATALOG_GENERATE_SYMBOLS = NO;
				SUPPORTED_PLATFORMS = "iphoneos iphonesimulator macosx xros xrsimulator";
				SWIFT_APPROACHABLE_CONCURRENCY = YES;
				SWIFT_EMIT_LOC_STRINGS = NO;
				SWIFT_UPCOMING_FEATURE_MEMBER_IMPORT_VISIBILITY = YES;
				SWIFT_VERSION = 5.0;
				TARGETED_DEVICE_FAMILY = "1,2,7";
				TEST_TARGET_NAME = "darkmatter-ios";
				XROS_DEPLOYMENT_TARGET = 26.5;
			};
			name = Debug;
		};
		1FF76E192FBE3C9C00DCDFA7 /* Release */ = {
			isa = XCBuildConfiguration;
			buildSettings = {
				CODE_SIGN_STYLE = Automatic;
				CURRENT_PROJECT_VERSION = 1;
				DEVELOPMENT_TEAM = V8U75D7Q49;
				GENERATE_INFOPLIST_FILE = YES;
				IPHONEOS_DEPLOYMENT_TARGET = 26.5;
				MACOSX_DEPLOYMENT_TARGET = 26.3;
				MARKETING_VERSION = 1.0;
				PRODUCT_BUNDLE_IDENTIFIER = "ipf.darkmatter-iosUITests";
				PRODUCT_NAME = "$(TARGET_NAME)";
				SDKROOT = auto;
				STRING_CATALOG_GENERATE_SYMBOLS = NO;
				SUPPORTED_PLATFORMS = "iphoneos iphonesimulator macosx xros xrsimulator";
				SWIFT_APPROACHABLE_CONCURRENCY = YES;
				SWIFT_EMIT_LOC_STRINGS = NO;
				SWIFT_UPCOMING_FEATURE_MEMBER_IMPORT_VISIBILITY = YES;
				SWIFT_VERSION = 5.0;
				TARGETED_DEVICE_FAMILY = "1,2,7";
				TEST_TARGET_NAME = "darkmatter-ios";
				XROS_DEPLOYMENT_TARGET = 26.5;
			};
			name = Release;
		};
/* End XCBuildConfiguration section */

/* Begin XCConfigurationList section */
		1FF76DE92FBE3C9A00DCDFA7 /* Build configuration list for PBXProject "darkmatter-ios" */ = {
			isa = XCConfigurationList;
			buildConfigurations = (
				1FF76E0F2FBE3C9C00DCDFA7 /* Debug */,
				1FF76E102FBE3C9C00DCDFA7 /* Release */,
			);
			defaultConfigurationIsVisible = 0;
			defaultConfigurationName = Release;
		};
		1FF76E112FBE3C9C00DCDFA7 /* Build configuration list for PBXNativeTarget "darkmatter-ios" */ = {
			isa = XCConfigurationList;
			buildConfigurations = (
				1FF76E122FBE3C9C00DCDFA7 /* Debug */,
				1FF76E132FBE3C9C00DCDFA7 /* Release */,
			);
			defaultConfigurationIsVisible = 0;
			defaultConfigurationName = Release;
		};
		1FF76E142FBE3C9C00DCDFA7 /* Build configuration list for PBXNativeTarget "darkmatter-iosTests" */ = {
			isa = XCConfigurationList;
			buildConfigurations = (
				1FF76E152FBE3C9C00DCDFA7 /* Debug */,
				1FF76E162FBE3C9C00DCDFA7 /* Release */,
			);
			defaultConfigurationIsVisible = 0;
			defaultConfigurationName = Release;
		};
		1FF76E172FBE3C9C00DCDFA7 /* Build configuration list for PBXNativeTarget "darkmatter-iosUITests" */ = {
			isa = XCConfigurationList;
			buildConfigurations = (
				1FF76E182FBE3C9C00DCDFA7 /* Debug */,
				1FF76E192FBE3C9C00DCDFA7 /* Release */,
			);
			defaultConfigurationIsVisible = 0;
			defaultConfigurationName = Release;
		};
/* End XCConfigurationList section */

/* Begin XCLocalSwiftPackageReference section */
		1FF76E1A2FBE466900DCDFA7 /* XCLocalSwiftPackageReference "Vendored/MarmotKit" */ = {
			isa = XCLocalSwiftPackageReference;
			relativePath = Vendored/MarmotKit;
		};
/* End XCLocalSwiftPackageReference section */

/* Begin XCSwiftPackageProductDependency section */
		1FF76E1B2FBE466900DCDFA7 /* MarmotKit */ = {
			isa = XCSwiftPackageProductDependency;
			productName = MarmotKit;
		};
/* End XCSwiftPackageProductDependency section */
	};
	rootObject = 1FF76DE62FBE3C9A00DCDFA7 /* Project object */;
}
